PODS:
  - FontAwesomeKit (2.2.1):
    - FontAwesomeKit/Core (= 2.2.1)
    - FontAwesomeKit/FontAwesome (= 2.2.1)
    - FontAwesomeKit/FoundationIcons (= 2.2.1)
    - FontAwesomeKit/IonIcons (= 2.2.1)
    - FontAwesomeKit/Material (= 2.2.1)
    - FontAwesomeKit/Octicons (= 2.2.1)
    - FontAwesomeKit/Zocial (= 2.2.1)
  - FontAwesomeKit/Core (2.2.1)
  - FontAwesomeKit/FontAwesome (2.2.1):
    - FontAwesomeKit/Core
  - FontAwesomeKit/FoundationIcons (2.2.1):
    - FontAwesomeKit/Core
  - FontAwesomeKit/IonIcons (2.2.1):
    - FontAwesomeKit/Core
  - FontAwesomeKit/Material (2.2.1):
    - FontAwesomeKit/Core
  - FontAwesomeKit/Octicons (2.2.1):
    - FontAwesomeKit/Core
  - FontAwesomeKit/Zocial (2.2.1):
    - FontAwesomeKit/Core

DEPENDENCIES:
  - FontAwesomeKit (from `https://github.com/PrideChung/FontAwesomeKit.git`)

EXTERNAL SOURCES:
  FontAwesomeKit:
    :git: https://github.com/PrideChung/FontAwesomeKit.git

CHECKOUT OPTIONS:
  FontAwesomeKit:
    :commit: ed5eb02f4bcf76e218bb1c966c551a7b5240b6b4
    :git: https://github.com/PrideChung/FontAwesomeKit.git

SPEC CHECKSUMS:
  FontAwesomeKit: 3614979b3dbb0ec3f7fac1bd760b91f66c31db67

PODFILE CHECKSUM: 8475472d6da1cff2bef241da9806e9da1f7aeead

COCOAPODS: 1.2.0
